golang.org/x/exp v0.0.0-20220321173239-a90fa8a75705 h1:ba9YlqfDGTTQ5aZ2fwOoQ1hf32QySyQkR6ODGDzHlnE=
golang.org/x/exp v0.0.0-20220321173239-a90fa8a75705/go.mod h1:lgLbSvA5ygNOMpwM/9anMpWVlVJ7Z+cHWq/eFuinpGE=
golang.org/x/exp v0.0.0-20220328175248-053ad81199eb h1:pC9Okm6BVmxEw76PUu0XUbOTQ92JX11hfvqTjAV3qxM=
golang.org/x/exp v0.0.0-20220328175248-053ad81199eb/go.mod h1:lgLbSvA5ygNOMpwM/9anMpWVlVJ7Z+cHWq/eFuinpGE=
golang.org/x/tools v0.1.8-0.20211029000441-d6a9af8af023 h1:0c3L82FDQ5rt1bjTBlchS8t6RQ6299/+5bWMnRLh+uI=
golang.org/x/tools v0.1.8-0.20211029000441-d6a9af8af023/go.mod h1:nABZi5QlRsZVlzPpHl034qft6wpY4eDcsTt5AaioBiU=
